// !$*UTF8*$!
{
	archiveVersion = 1;
	classes = {
	};
	objectVersion = 51;
	objects = {

/* Begin PBXBuildFile section */
		04014919228FEB72005AA464 /* HomeViewController.swift in Sources */ = {isa = PBXBuildFile; fileRef = 04014918228FEB72005AA464 /* HomeViewController.swift */; };
		0401491B228FEB7B005AA464 /* LeaderBoardViewController.swift in Sources */ = {isa = PBXBuildFile; fileRef = 0401491A228FEB7B005AA464 /* LeaderBoardViewController.swift */; };
		041C583E228C47770071F2B0 /* AppDelegate.swift in Sources */ = {isa = PBXBuildFile; fileRef = 041C583D228C47770071F2B0 /* AppDelegate.swift */; };
		041C5840228C47770071F2B0 /* GameScene.sks in Resources */ = {isa = PBXBuildFile; fileRef = 041C583F228C47770071F2B0 /* GameScene.sks */; };
		041C5842228C47770071F2B0 /* Actions.sks in Resources */ = {isa = PBXBuildFile; fileRef = 041C5841228C47770071F2B0 /* Actions.sks */; };
		041C5844228C47780071F2B0 /* GameScene.swift in Sources */ = {isa = PBXBuildFile; fileRef = 041C5843228C47780071F2B0 /* GameScene.swift */; };
		041C5846228C47780071F2B0 /* GameViewController.swift in Sources */ = {isa = PBXBuildFile; fileRef = 041C5845228C47780071F2B0 /* GameViewController.swift */; };
		041C5849228C47780071F2B0 /* Main.storyboard in Resources */ = {isa = PBXBuildFile; fileRef = 041C5847228C47780071F2B0 /* Main.storyboard */; };
		041C584B228C47780071F2B0 /* Assets.xcassets in Resources */ = {isa = PBXBuildFile; fileRef = 041C584A228C47780071F2B0 /* Assets.xcassets */; };
		041C584E228C47780071F2B0 /* LaunchScreen.storyboard in Resources */ = {isa = PBXBuildFile; fileRef = 041C584C228C47780071F2B0 /* LaunchScreen.storyboard */; };
		041C5859228C47780071F2B0 /* Mazic_Tests.swift in Sources */ = {isa = PBXBuildFile; fileRef = 041C5858228C47780071F2B0 /* Mazic_Tests.swift */; };
		041C5864228C47780071F2B0 /* Mazic_UITests.swift in Sources */ = {isa = PBXBuildFile; fileRef = 041C5863228C47780071F2B0 /* Mazic_UITests.swift */; };
		04713B5F22903B0D009BDEC3 /* GoogleService-Info.plist in Resources */ = {isa = PBXBuildFile; fileRef = 04713B5E22903B0D009BDEC3 /* GoogleService-Info.plist */; };
		04713B6122903E27009BDEC3 /* LoginViewController.swift in Sources */ = {isa = PBXBuildFile; fileRef = 04713B6022903E27009BDEC3 /* LoginViewController.swift */; };
		04713B6322903E35009BDEC3 /* ProfileViewController.swift in Sources */ = {isa = PBXBuildFile; fileRef = 04713B6222903E35009BDEC3 /* ProfileViewController.swift */; };
		04713B6522904D9D009BDEC3 /* MathViewController.swift in Sources */ = {isa = PBXBuildFile; fileRef = 04713B6422904D9D009BDEC3 /* MathViewController.swift */; };
		04713B6722904F6D009BDEC3 /* CustomClassSetting.swift in Sources */ = {isa = PBXBuildFile; fileRef = 04713B6622904F6D009BDEC3 /* CustomClassSetting.swift */; };
		BCE2E3BFD87E9151340148F4 /* Pods_Mazic_.framework in Frameworks */ = {isa = PBXBuildFile; fileRef = 875B232A13A87301ADE7A384 /* Pods_Mazic_.framework */; };
		D3296433F55329BB937A3FE9 /* Pods_Mazic_Tests.framework in Frameworks */ = {isa = PBXBuildFile; fileRef = B82448CDE93748BE5424D92A /* Pods_Mazic_Tests.framework */; };
		D636123BB9BFBBA99ECCB094 /* Pods_Mazic_UITests.framework in Frameworks */ = {isa = PBXBuildFile; fileRef = 1A1F7CB969AACDF9D1F9B56F /* Pods_Mazic_UITests.framework */; };
/* End PBXBuildFile section */

/* Begin PBXContainerItemProxy section */
		041C5855228C47780071F2B0 /* PBXContainerItemProxy */ = {
			isa = PBXContainerItemProxy;
			containerPortal = 041C5832228C47770071F2B0 /* Project object */;
			proxyType = 1;
			remoteGlobalIDString = 041C5839228C47770071F2B0;
			remoteInfo = "Mazic!";
		};
		041C5860228C47780071F2B0 /* PBXContainerItemProxy */ = {
			isa = PBXContainerItemProxy;
			containerPortal = 041C5832228C47770071F2B0 /* Project object */;
			proxyType = 1;
			remoteGlobalIDString = 041C5839228C47770071F2B0;
			remoteInfo = "Mazic!";
		};
/* End PBXContainerItemProxy section */

/* Begin PBXFileReference section */
		00A8322238CE6854C1A0FB73 /* Pods-Mazic!UITests.release.xcconfig */ = {isa = PBXFileReference; includeInIndex = 1; lastKnownFileType = text.xcconfig; name = "Pods-Mazic!UITests.release.xcconfig"; path = "Target Support Files/Pods-Mazic!UITests/Pods-Mazic!UITests.release.xcconfig"; sourceTree = "<group>"; };
		04014918228FEB72005AA464 /* HomeViewController.swift */ = {isa = PBXFileReference; lastKnownFileType = sourcecode.swift; path = HomeViewController.swift; sourceTree = "<group>"; };
		0401491A228FEB7B005AA464 /* LeaderBoardViewController.swift */ = {isa = PBXFileReference; lastKnownFileType = sourcecode.swift; path = LeaderBoardViewController.swift; sourceTree = "<group>"; };
		041C583A228C47770071F2B0 /* Mazic!.app */ = {isa = PBXFileReference; explicitFileType = wrapper.application; includeInIndex = 0; path = "Mazic!.app"; sourceTree = BUILT_PRODUCTS_DIR; };
		041C583D228C47770071F2B0 /* AppDelegate.swift */ = {isa = PBXFileReference; lastKnownFileType = sourcecode.swift; path = AppDelegate.swift; sourceTree = "<group>"; };
		041C583F228C47770071F2B0 /* GameScene.sks */ = {isa = PBXFileReference; lastKnownFileType = file.sks; path = GameScene.sks; sourceTree = "<group>"; };
		041C5841228C47770071F2B0 /* Actions.sks */ = {isa = PBXFileReference; lastKnownFileType = file.sks; path = Actions.sks; sourceTree = "<group>"; };
		041C5843228C47780071F2B0 /* GameScene.swift */ = {isa = PBXFileReference; lastKnownFileType = sourcecode.swift; path = GameScene.swift; sourceTree = "<group>"; };
		041C5845228C47780071F2B0 /* GameViewController.swift */ = {isa = PBXFileReference; lastKnownFileType = sourcecode.swift; path = GameViewController.swift; sourceTree = "<group>"; };
		041C5848228C47780071F2B0 /* Base */ = {isa = PBXFileReference; lastKnownFileType = file.storyboard; name = Base; path = Base.lproj/Main.storyboard; sourceTree = "<group>"; };
		041C584A228C47780071F2B0 /* Assets.xcassets */ = {isa = PBXFileReference; lastKnownFileType = folder.assetcatalog; path = Assets.xcassets; sourceTree = "<group>"; };
		041C584D228C47780071F2B0 /* Base */ = {isa = PBXFileReference; lastKnownFileType = file.storyboard; name = Base; path = Base.lproj/LaunchScreen.storyboard; sourceTree = "<group>"; };
		041C584F228C47780071F2B0 /* Info.plist */ = {isa = PBXFileReference; lastKnownFileType = text.plist.xml; path = Info.plist; sourceTree = "<group>"; };
		041C5854228C47780071F2B0 /* Mazic!Tests.xctest */ = {isa = PBXFileReference; explicitFileType = wrapper.cfbundle; includeInIndex = 0; path = "Mazic!Tests.xctest"; sourceTree = BUILT_PRODUCTS_DIR; };
		041C5858228C47780071F2B0 /* Mazic_Tests.swift */ = {isa = PBXFileReference; lastKnownFileType = sourcecode.swift; path = Mazic_Tests.swift; sourceTree = "<group>"; };
		041C585A228C47780071F2B0 /* Info.plist */ = {isa = PBXFileReference; lastKnownFileType = text.plist.xml; path = Info.plist; sourceTree = "<group>"; };
		041C585F228C47780071F2B0 /* Mazic!UITests.xctest */ = {isa = PBXFileReference; explicitFileType = wrapper.cfbundle; includeInIndex = 0; path = "Mazic!UITests.xctest"; sourceTree = BUILT_PRODUCTS_DIR; };
		041C5863228C47780071F2B0 /* Mazic_UITests.swift */ = {isa = PBXFileReference; lastKnownFileType = sourcecode.swift; path = Mazic_UITests.swift; sourceTree = "<group>"; };
		041C5865228C47780071F2B0 /* Info.plist */ = {isa = PBXFileReference; lastKnownFileType = text.plist.xml; path = Info.plist; sourceTree = "<group>"; };
		04713B5E22903B0D009BDEC3 /* GoogleService-Info.plist */ = {isa = PBXFileReference; fileEncoding = 4; lastKnownFileType = text.plist.xml; path = "GoogleService-Info.plist"; sourceTree = "<group>"; };
		04713B6022903E27009BDEC3 /* LoginViewController.swift */ = {isa = PBXFileReference; lastKnownFileType = sourcecode.swift; path = LoginViewController.swift; sourceTree = "<group>"; };
		04713B6222903E35009BDEC3 /* ProfileViewController.swift */ = {isa = PBXFileReference; lastKnownFileType = sourcecode.swift; path = ProfileViewController.swift; sourceTree = "<group>"; };
		04713B6422904D9D009BDEC3 /* MathViewController.swift */ = {isa = PBXFileReference; lastKnownFileType = sourcecode.swift; path = MathViewController.swift; sourceTree = "<group>"; };
		04713B6622904F6D009BDEC3 /* CustomClassSetting.swift */ = {isa = PBXFileReference; lastKnownFileType = sourcecode.swift; path = CustomClassSetting.swift; sourceTree = "<group>"; };
		19B477E723D6DA89DCAF822F /* Pods-Mazic!Tests.release.xcconfig */ = {isa = PBXFileReference; includeInIndex = 1; lastKnownFileType = text.xcconfig; name = "Pods-Mazic!Tests.release.xcconfig"; path = "Target Support Files/Pods-Mazic!Tests/Pods-Mazic!Tests.release.xcconfig"; sourceTree = "<group>"; };
		1A1F7CB969AACDF9D1F9B56F /* Pods_Mazic_UITests.framework */ = {isa = PBXFileReference; explicitFileType = wrapper.framework; includeInIndex = 0; path = Pods_Mazic_UITests.framework; sourceTree = BUILT_PRODUCTS_DIR; };
		1CD7A530BB03A289A5BCF6B8 /* Pods-Mazic!UITests.debug.xcconfig */ = {isa = PBXFileReference; includeInIndex = 1; lastKnownFileType = text.xcconfig; name = "Pods-Mazic!UITests.debug.xcconfig"; path = "Target Support Files/Pods-Mazic!UITests/Pods-Mazic!UITests.debug.xcconfig"; sourceTree = "<group>"; };
		7955759E6C257275B47D061C /* Pods-Mazic!.debug.xcconfig */ = {isa = PBXFileReference; includeInIndex = 1; lastKnownFileType = text.xcconfig; name = "Pods-Mazic!.debug.xcconfig"; path = "Target Support Files/Pods-Mazic!/Pods-Mazic!.debug.xcconfig"; sourceTree = "<group>"; };
		875B232A13A87301ADE7A384 /* Pods_Mazic_.framework */ = {isa = PBXFileReference; explicitFileType = wrapper.framework; includeInIndex = 0; path = Pods_Mazic_.framework; sourceTree = BUILT_PRODUCTS_DIR; };
		AD85BA8E3B5AB3FF4D50A67F /* Pods-Mazic!Tests.debug.xcconfig */ = {isa = PBXFileReference; includeInIndex = 1; lastKnownFileType = text.xcconfig; name = "Pods-Mazic!Tests.debug.xcconfig"; path = "Target Support Files/Pods-Mazic!Tests/Pods-Mazic!Tests.debug.xcconfig"; sourceTree = "<group>"; };
		B82448CDE93748BE5424D92A /* Pods_Mazic_Tests.framework */ = {isa = PBXFileReference; explicitFileType = wrapper.framework; includeInIndex = 0; path = Pods_Mazic_Tests.framework; sourceTree = BUILT_PRODUCTS_DIR; };
		DE00B983E29F0C5B3F0439B2 /* Pods-Mazic!.release.xcconfig */ = {isa = PBXFileReference; includeInIndex = 1; lastKnownFileType = text.xcconfig; name = "Pods-Mazic!.release.xcconfig"; path = "Target Support Files/Pods-Mazic!/Pods-Mazic!.release.xcconfig"; sourceTree = "<group>"; };
/* End PBXFileReference section */

/* Begin PBXFrameworksBuildPhase section */
		041C5837228C47770071F2B0 /* Frameworks */ = {
			isa = PBXFrameworksBuildPhase;
			buildActionMask = 2147483647;
			files = (
				BCE2E3BFD87E9151340148F4 /* Pods_Mazic_.framework in Frameworks */,
			);
			runOnlyForDeploymentPostprocessing = 0;
		};
		041C5851228C47780071F2B0 /* Frameworks */ = {
			isa = PBXFrameworksBuildPhase;
			buildActionMask = 2147483647;
			files = (
				D3296433F55329BB937A3FE9 /* Pods_Mazic_Tests.framework in Frameworks */,
			);
			runOnlyForDeploymentPostprocessing = 0;
		};
		041C585C228C47780071F2B0 /* Frameworks */ = {
			isa = PBXFrameworksBuildPhase;
			buildActionMask = 2147483647;
			files = (
				D636123BB9BFBBA99ECCB094 /* Pods_Mazic_UITests.framework in Frameworks */,
			);
			runOnlyForDeploymentPostprocessing = 0;
		};
/* End PBXFrameworksBuildPhase section */

/* Begin PBXGroup section */
		0401491C228FF31B005AA464 /* Controller */ = {
			isa = PBXGroup;
			children = (
				04014918228FEB72005AA464 /* HomeViewController.swift */,
				041C5845228C47780071F2B0 /* GameViewController.swift */,
				0401491A228FEB7B005AA464 /* LeaderBoardViewController.swift */,
				04713B6022903E27009BDEC3 /* LoginViewController.swift */,
				04713B6222903E35009BDEC3 /* ProfileViewController.swift */,
				04713B6422904D9D009BDEC3 /* MathViewController.swift */,
			);
			path = Controller;
			sourceTree = "<group>";
		};
		0401491D228FF335005AA464 /* Supporting Files */ = {
			isa = PBXGroup;
			children = (
				041C584C228C47780071F2B0 /* LaunchScreen.storyboard */,
				041C5847228C47780071F2B0 /* Main.storyboard */,
				041C584A228C47780071F2B0 /* Assets.xcassets */,
				04713B5E22903B0D009BDEC3 /* GoogleService-Info.plist */,
			);
			path = "Supporting Files";
			sourceTree = "<group>";
		};
		0401491E228FF349005AA464 /* Game Scene */ = {
			isa = PBXGroup;
			children = (
				041C583F228C47770071F2B0 /* GameScene.sks */,
				041C5841228C47770071F2B0 /* Actions.sks */,
				041C5843228C47780071F2B0 /* GameScene.swift */,
			);
			path = "Game Scene";
			sourceTree = "<group>";
		};
		041C5831228C47770071F2B0 = {
			isa = PBXGroup;
			children = (
				041C583C228C47770071F2B0 /* Mazic! */,
				041C5857228C47780071F2B0 /* Mazic!Tests */,
				041C5862228C47780071F2B0 /* Mazic!UITests */,
				041C583B228C47770071F2B0 /* Products */,
				F87E31CCE92042B171CDDCEE /* Pods */,
				B8A09E374DFE09EF0A5023DF /* Frameworks */,
			);
			sourceTree = "<group>";
		};
		041C583B228C47770071F2B0 /* Products */ = {
			isa = PBXGroup;
			children = (
				041C583A228C47770071F2B0 /* Mazic!.app */,
				041C5854228C47780071F2B0 /* Mazic!Tests.xctest */,
				041C585F228C47780071F2B0 /* Mazic!UITests.xctest */,
			);
			name = Products;
			sourceTree = "<group>";
		};
		041C583C228C47770071F2B0 /* Mazic! */ = {
			isa = PBXGroup;
			children = (
				041C584F228C47780071F2B0 /* Info.plist */,
				041C583D228C47770071F2B0 /* AppDelegate.swift */,
				0401491E228FF349005AA464 /* Game Scene */,
				04713B6822904F72009BDEC3 /* Model */,
				0401491C228FF31B005AA464 /* Controller */,
				0401491D228FF335005AA464 /* Supporting Files */,
			);
			path = "Mazic!";
			sourceTree = "<group>";
		};
		041C5857228C47780071F2B0 /* Mazic!Tests */ = {
			isa = PBXGroup;
			children = (
				041C5858228C47780071F2B0 /* Mazic_Tests.swift */,
				041C585A228C47780071F2B0 /* Info.plist */,
			);
			path = "Mazic!Tests";
			sourceTree = "<group>";
		};
		041C5862228C47780071F2B0 /* Mazic!UITests */ = {
			isa = PBXGroup;
			children = (
				041C5863228C47780071F2B0 /* Mazic_UITests.swift */,
				041C5865228C47780071F2B0 /* Info.plist */,
			);
			path = "Mazic!UITests";
			sourceTree = "<group>";
		};
		04713B6822904F72009BDEC3 /* Model */ = {
			isa = PBXGroup;
			children = (
				04713B6622904F6D009BDEC3 /* CustomClassSetting.swift */,
			);
			path = Model;
			sourceTree = "<group>";
		};
		B8A09E374DFE09EF0A5023DF /* Frameworks */ = {
			isa = PBXGroup;
			children = (
				875B232A13A87301ADE7A384 /* Pods_Mazic_.framework */,
				B82448CDE93748BE5424D92A /* Pods_Mazic_Tests.framework */,
				1A1F7CB969AACDF9D1F9B56F /* Pods_Mazic_UITests.framework */,
			);
			name = Frameworks;
			sourceTree = "<group>";
		};
		F87E31CCE92042B171CDDCEE /* Pods */ = {
			isa = PBXGroup;
			children = (
				7955759E6C257275B47D061C /* Pods-Mazic!.debug.xcconfig */,
				DE00B983E29F0C5B3F0439B2 /* Pods-Mazic!.release.xcconfig */,
				AD85BA8E3B5AB3FF4D50A67F /* Pods-Mazic!Tests.debug.xcconfig */,
				19B477E723D6DA89DCAF822F /* Pods-Mazic!Tests.release.xcconfig */,
				1CD7A530BB03A289A5BCF6B8 /* Pods-Mazic!UITests.debug.xcconfig */,
				00A8322238CE6854C1A0FB73 /* Pods-Mazic!UITests.release.xcconfig */,
			);
			path = Pods;
			sourceTree = "<group>";
		};
/* End PBXGroup section */

/* Begin PBXNativeTarget section */
		041C5839228C47770071F2B0 /* Mazic! */ = {
			isa = PBXNativeTarget;
			buildConfigurationList = 041C5868228C47780071F2B0 /* Build configuration list for PBXNativeTarget "Mazic!" */;
			buildPhases = (
				F7C38D6BE51B40D5DDC1FC76 /* [CP] Check Pods Manifest.lock */,
				041C5836228C47770071F2B0 /* Sources */,
				041C5837228C47770071F2B0 /* Frameworks */,
				041C5838228C47770071F2B0 /* Resources */,
				8AF8742E0EA5267FAC787810 /* [CP] Embed Pods Frameworks */,
			);
			buildRules = (
			);
			dependencies = (
			);
			name = "Mazic!";
			productName = "Mazic!";
			productReference = 041C583A228C47770071F2B0 /* Mazic!.app */;
			productType = "com.apple.product-type.application";
		};
		041C5853228C47780071F2B0 /* Mazic!Tests */ = {
			isa = PBXNativeTarget;
			buildConfigurationList = 041C586B228C47780071F2B0 /* Build configuration list for PBXNativeTarget "Mazic!Tests" */;
			buildPhases = (
				EF9EA18CBB1A201F27F8F5F9 /* [CP] Check Pods Manifest.lock */,
				041C5850228C47780071F2B0 /* Sources */,
				041C5851228C47780071F2B0 /* Frameworks */,
				041C5852228C47780071F2B0 /* Resources */,
			);
			buildRules = (
			);
			dependencies = (
				041C5856228C47780071F2B0 /* PBXTargetDependency */,
			);
			name = "Mazic!Tests";
			productName = "Mazic!Tests";
			productReference = 041C5854228C47780071F2B0 /* Mazic!Tests.xctest */;
			productType = "com.apple.product-type.bundle.unit-test";
		};
		041C585E228C47780071F2B0 /* Mazic!UITests */ = {
			isa = PBXNativeTarget;
			buildConfigurationList = 041C586E228C47780071F2B0 /* Build configuration list for PBXNativeTarget "Mazic!UITests" */;
			buildPhases = (
				3FB297AF9471FE816C000DF7 /* [CP] Check Pods Manifest.lock */,
				041C585B228C47780071F2B0 /* Sources */,
				041C585C228C47780071F2B0 /* Frameworks */,
				041C585D228C47780071F2B0 /* Resources */,
			);
			buildRules = (
			);
			dependencies = (
				041C5861228C47780071F2B0 /* PBXTargetDependency */,
			);
			name = "Mazic!UITests";
			productName = "Mazic!UITests";
			productReference = 041C585F228C47780071F2B0 /* Mazic!UITests.xctest */;
			productType = "com.apple.product-type.bundle.ui-testing";
		};
/* End PBXNativeTarget section */

/* Begin PBXProject section */
		041C5832228C47770071F2B0 /* Project object */ = {
			isa = PBXProject;
			attributes = {
				LastSwiftUpdateCheck = 1020;
				LastUpgradeCheck = 1020;
				ORGANIZATIONNAME = nandamochammad;
				TargetAttributes = {
					041C5839228C47770071F2B0 = {
						CreatedOnToolsVersion = 10.2.1;
					};
					041C5853228C47780071F2B0 = {
						CreatedOnToolsVersion = 10.2.1;
						TestTargetID = 041C5839228C47770071F2B0;
					};
					041C585E228C47780071F2B0 = {
						CreatedOnToolsVersion = 10.2.1;
						TestTargetID = 041C5839228C47770071F2B0;
					};
				};
			};
			buildConfigurationList = 041C5835228C47770071F2B0 /* Build configuration list for PBXProject "Mazic!" */;
			compatibilityVersion = "Xcode 9.3";
			developmentRegion = en;
			hasScannedForEncodings = 0;
			knownRegions = (
				en,
				Base,
			);
			mainGroup = 041C5831228C47770071F2B0;
			productRefGroup = 041C583B228C47770071F2B0 /* Products */;
			projectDirPath = "";
			projectRoot = "";
			targets = (
				041C5839228C47770071F2B0 /* Mazic! */,
				041C5853228C47780071F2B0 /* Mazic!Tests */,
				041C585E228C47780071F2B0 /* Mazic!UITests */,
			);
		};
/* End PBXProject section */

/* Begin PBXResourcesBuildPhase section */
		041C5838228C47770071F2B0 /* Resources */ = {
			isa = PBXResourcesBuildPhase;
			buildActionMask = 2147483647;
			files = (
				041C5849228C47780071F2B0 /* Main.storyboard in Resources */,
				041C5840228C47770071F2B0 /* GameScene.sks in Resources */,
				041C584B228C47780071F2B0 /* Assets.xcassets in Resources */,
				041C584E228C47780071F2B0 /* LaunchScreen.storyboard in Resources */,
				041C5842228C47770071F2B0 /* Actions.sks in Resources */,
				04713B5F22903B0D009BDEC3 /* GoogleService-Info.plist in Resources */,
			);
			runOnlyForDeploymentPostprocessing = 0;
		};
		041C5852228C47780071F2B0 /* Resources */ = {
			isa = PBXResourcesBuildPhase;
			buildActionMask = 2147483647;
			files = (
			);
			runOnlyForDeploymentPostprocessing = 0;
		};
		041C585D228C47780071F2B0 /* Resources */ = {
			isa = PBXResourcesBuildPhase;
			buildActionMask = 2147483647;
			files = (
			);
			runOnlyForDeploymentPostprocessing = 0;
		};
/* End PBXResourcesBuildPhase section */

/* Begin PBXShellScriptBuildPhase section */
		3FB297AF9471FE816C000DF7 /* [CP] Check Pods Manifest.lock */ = {
			isa = PBXShellScriptBuildPhase;
			buildActionMask = 2147483647;
			files = (
			);
			inputFileListPaths = (
			);
			inputPaths = (
				"${PODS_PODFILE_DIR_PATH}/Podfile.lock",
				"${PODS_ROOT}/Manifest.lock",
			);
			name = "[CP] Check Pods Manifest.lock";
			outputFileListPaths = (
			);
			outputPaths = (
				"$(DERIVED_FILE_DIR)/Pods-Mazic!UITests-checkManifestLockResult.txt",
			);
			runOnlyForDeploymentPostprocessing = 0;
			shellPath = /bin/sh;
			shellScript = "diff \"${PODS_PODFILE_DIR_PATH}/Podfile.lock\" \"${PODS_ROOT}/Manifest.lock\" > /dev/null\nif [ $? != 0 ] ; then\n    # print error to STDERR\n    echo \"error: The sandbox is not in sync with the Podfile.lock. Run 'pod install' or update your CocoaPods installation.\" >&2\n    exit 1\nfi\n# This output is used by Xcode 'outputs' to avoid re-running this script phase.\necho \"SUCCESS\" > \"${SCRIPT_OUTPUT_FILE_0}\"\n";
			showEnvVarsInLog = 0;
		};
		8AF8742E0EA5267FAC787810 /* [CP] Embed Pods Frameworks */ = {
			isa = PBXShellScriptBuildPhase;
			buildActionMask = 2147483647;
			files = (
			);
			inputFileListPaths = (
				"${PODS_ROOT}/Target Support Files/Pods-Mazic!/Pods-Mazic!-frameworks-${CONFIGURATION}-input-files.xcfilelist",
			);
			name = "[CP] Embed Pods Frameworks";
			outputFileListPaths = (
				"${PODS_ROOT}/Target Support Files/Pods-Mazic!/Pods-Mazic!-frameworks-${CONFIGURATION}-output-files.xcfilelist",
			);
			runOnlyForDeploymentPostprocessing = 0;
			shellPath = /bin/sh;
			shellScript = "\"${PODS_ROOT}/Target Support Files/Pods-Mazic!/Pods-Mazic!-frameworks.sh\"\n";
			showEnvVarsInLog = 0;
		};
		EF9EA18CBB1A201F27F8F5F9 /* [CP] Check Pods Manifest.lock */ = {
			isa = PBXShellScriptBuildPhase;
			buildActionMask = 2147483647;
			files = (
			);
			inputFileListPaths = (
			);
			inputPaths = (
				"${PODS_PODFILE_DIR_PATH}/Podfile.lock",
				"${PODS_ROOT}/Manifest.lock",
			);
			name = "[CP] Check Pods Manifest.lock";
			outputFileListPaths = (
			);
			outputPaths = (
				"$(DERIVED_FILE_DIR)/Pods-Mazic!Tests-checkManifestLockResult.txt",
			);
			runOnlyForDeploymentPostprocessing = 0;
			shellPath = /bin/sh;
			shellScript = "diff \"${PODS_PODFILE_DIR_PATH}/Podfile.lock\" \"${PODS_ROOT}/Manifest.lock\" > /dev/null\nif [ $? != 0 ] ; then\n    # print error to STDERR\n    echo \"error: The sandbox is not in sync with the Podfile.lock. Run 'pod install' or update your CocoaPods installation.\" >&2\n    exit 1\nfi\n# This output is used by Xcode 'outputs' to avoid re-running this script phase.\necho \"SUCCESS\" > \"${SCRIPT_OUTPUT_FILE_0}\"\n";
			showEnvVarsInLog = 0;
		};
		F7C38D6BE51B40D5DDC1FC76 /* [CP] Check Pods Manifest.lock */ = {
			isa = PBXShellScriptBuildPhase;
			buildActionMask = 2147483647;
			files = (
			);
			inputFileListPaths = (
			);
			inputPaths = (
				"${PODS_PODFILE_DIR_PATH}/Podfile.lock",
				"${PODS_ROOT}/Manifest.lock",
			);
			name = "[CP] Check Pods Manifest.lock";
			outputFileListPaths = (
			);
			outputPaths = (
				"$(DERIVED_FILE_DIR)/Pods-Mazic!-checkManifestLockResult.txt",
			);
			runOnlyForDeploymentPostprocessing = 0;
			shellPath = /bin/sh;
			shellScript = "diff \"${PODS_PODFILE_DIR_PATH}/Podfile.lock\" \"${PODS_ROOT}/Manifest.lock\" > /dev/null\nif [ $? != 0 ] ; then\n    # print error to STDERR\n    echo \"error: The sandbox is not in sync with the Podfile.lock. Run 'pod install' or update your CocoaPods installation.\" >&2\n    exit 1\nfi\n# This output is used by Xcode 'outputs' to avoid re-running this script phase.\necho \"SUCCESS\" > \"${SCRIPT_OUTPUT_FILE_0}\"\n";
			showEnvVarsInLog = 0;
		};
/* End PBXShellScriptBuildPhase section */

/* Begin PBXSourcesBuildPhase section */
		041C5836228C47770071F2B0 /* Sources */ = {
			isa = PBXSourcesBuildPhase;
			buildActionMask = 2147483647;
			files = (
				04713B6122903E27009BDEC3 /* LoginViewController.swift in Sources */,
				041C5844228C47780071F2B0 /* GameScene.swift in Sources */,
				041C5846228C47780071F2B0 /* GameViewController.swift in Sources */,
				041C583E228C47770071F2B0 /* AppDelegate.swift in Sources */,
				04713B6722904F6D009BDEC3 /* CustomClassSetting.swift in Sources */,
				04713B6522904D9D009BDEC3 /* MathViewController.swift in Sources */,
				04713B6322903E35009BDEC3 /* ProfileViewController.swift in Sources */,
				04014919228FEB72005AA464 /* HomeViewController.swift in Sources */,
				0401491B228FEB7B005AA464 /* LeaderBoardViewController.swift in Sources */,
			);
			runOnlyForDeploymentPostprocessing = 0;
		};
		041C5850228C47780071F2B0 /* Sources */ = {
			isa = PBXSourcesBuildPhase;
			buildActionMask = 2147483647;
			files = (
				041C5859228C47780071F2B0 /* Mazic_Tests.swift in Sources */,
			);
			runOnlyForDeploymentPostprocessing = 0;
		};
		041C585B228C47780071F2B0 /* Sources */ = {
			isa = PBXSourcesBuildPhase;
			buildActionMask = 2147483647;
			files = (
				041C5864228C47780071F2B0 /* Mazic_UITests.swift in Sources */,
			);
			runOnlyForDeploymentPostprocessing = 0;
		};
/* End PBXSourcesBuildPhase section */

/* Begin PBXTargetDependency section */
		041C5856228C47780071F2B0 /* PBXTargetDependency */ = {
			isa = PBXTargetDependency;
			target = 041C5839228C47770071F2B0 /* Mazic! */;
			targetProxy = 041C5855228C47780071F2B0 /* PBXContainerItemProxy */;
		};
		041C5861228C47780071F2B0 /* PBXTargetDependency */ = {
			isa = PBXTargetDependency;
			target = 041C5839228C47770071F2B0 /* Mazic! */;
			targetProxy = 041C5860228C47780071F2B0 /* PBXContainerItemProxy */;
		};
/* End PBXTargetDependency section */

/* Begin PBXVariantGroup section */
		041C5847228C47780071F2B0 /* Main.storyboard */ = {
			isa = PBXVariantGroup;
			children = (
				041C5848228C47780071F2B0 /* Base */,
			);
			name = Main.storyboard;
			sourceTree = "<group>";
		};
		041C584C228C47780071F2B0 /* LaunchScreen.storyboard */ = {
			isa = PBXVariantGroup;
			children = (
				041C584D228C47780071F2B0 /* Base */,
			);
			name = LaunchScreen.storyboard;
			sourceTree = "<group>";
		};
/* End PBXVariantGroup section */

/* Begin XCBuildConfiguration section */
		041C5866228C47780071F2B0 /* Debug */ = {
			isa = XCBuildConfiguration;
			buildSettings = {
				ALWAYS_SEARCH_USER_PATHS = NO;
				CLANG_ANALYZER_NONNULL = YES;
				CLANG_ANALYZER_NUMBER_OBJECT_CONVERSION = YES_AGGRESSIVE;
				CLANG_CXX_LANGUAGE_STANDARD = "gnu++14";
				CLANG_CXX_LIBRARY = "libc++";
				CLANG_ENABLE_MODULES = YES;
				CLANG_ENABLE_OBJC_ARC = YES;
				CLANG_ENABLE_OBJC_WEAK = YES;
				CLANG_WARN_BLOCK_CAPTURE_AUTORELEASING = YES;
				CLANG_WARN_BOOL_CONVERSION = YES;
				CLANG_WARN_COMMA = YES;
				CLANG_WARN_CONSTANT_CONVERSION = YES;
				CLANG_WARN_DEPRECATED_OBJC_IMPLEMENTATIONS = YES;
				CLANG_WARN_DIRECT_OBJC_ISA_USAGE = YES_ERROR;
				CLANG_WARN_DOCUMENTATION_COMMENTS = YES;
				CLANG_WARN_EMPTY_BODY = YES;
				CLANG_WARN_ENUM_CONVERSION = YES;
				CLANG_WARN_INFINITE_RECURSION = YES;
				CLANG_WARN_INT_CONVERSION = YES;
				CLANG_WARN_NON_LITERAL_NULL_CONVERSION = YES;
				CLANG_WARN_OBJC_IMPLICIT_RETAIN_SELF = YES;
				CLANG_WARN_OBJC_LITERAL_CONVERSION = YES;
				CLANG_WARN_OBJC_ROOT_CLASS = YES_ERROR;
				CLANG_WARN_RANGE_LOOP_ANALYSIS = YES;
				CLANG_WARN_STRICT_PROTOTYPES = YES;
				CLANG_WARN_SUSPICIOUS_MOVE = YES;
				CLANG_WARN_UNGUARDED_AVAILABILITY = YES_AGGRESSIVE;
				CLANG_WARN_UNREACHABLE_CODE = YES;
				CLANG_WARN__DUPLICATE_METHOD_MATCH = YES;
				CODE_SIGN_IDENTITY = "iPhone Developer";
				COPY_PHASE_STRIP = NO;
				DEBUG_INFORMATION_FORMAT = dwarf;
				ENABLE_STRICT_OBJC_MSGSEND = YES;
				ENABLE_TESTABILITY = YES;
				GCC_C_LANGUAGE_STANDARD = gnu11;
				GCC_DYNAMIC_NO_PIC = NO;
				GCC_NO_COMMON_BLOCKS = YES;
				GCC_OPTIMIZATION_LEVEL = 0;
				GCC_PREPROCESSOR_DEFINITIONS = (
					"DEBUG=1",
					"$(inherited)",
				);
				GCC_WARN_64_TO_32_BIT_CONVERSION = YES;
				GCC_WARN_ABOUT_RETURN_TYPE = YES_ERROR;
				GCC_WARN_UNDECLARED_SELECTOR = YES;
				GCC_WARN_UNINITIALIZED_AUTOS = YES_AGGRESSIVE;
				GCC_WARN_UNUSED_FUNCTION = YES;
				GCC_WARN_UNUSED_VARIABLE = YES;
				IPHONEOS_DEPLOYMENT_TARGET = 12.2;
				MTL_ENABLE_DEBUG_INFO = INCLUDE_SOURCE;
				MTL_FAST_MATH = YES;
				ONLY_ACTIVE_ARCH = YES;
				SDKROOT = iphoneos;
				SWIFT_ACTIVE_COMPILATION_CONDITIONS = DEBUG;
				SWIFT_OPTIMIZATION_LEVEL = "-Onone";
			};
			name = Debug;
		};
		041C5867228C47780071F2B0 /* Release */ = {
			isa = XCBuildConfiguration;
			buildSettings = {
				ALWAYS_SEARCH_USER_PATHS = NO;
				CLANG_ANALYZER_NONNULL = YES;
				CLANG_ANALYZER_NUMBER_OBJECT_CONVERSION = YES_AGGRESSIVE;
				CLANG_CXX_LANGUAGE_STANDARD = "gnu++14";
				CLANG_CXX_LIBRARY = "libc++";
				CLANG_ENABLE_MODULES = YES;
				CLANG_ENABLE_OBJC_ARC = YES;
				CLANG_ENABLE_OBJC_WEAK = YES;
				CLANG_WARN_BLOCK_CAPTURE_AUTORELEASING = YES;
				CLANG_WARN_BOOL_CONVERSION = YES;
				CLANG_WARN_COMMA = YES;
				CLANG_WARN_CONSTANT_CONVERSION = YES;
				CLANG_WARN_DEPRECATED_OBJC_IMPLEMENTATIONS = YES;
				CLANG_WARN_DIRECT_OBJC_ISA_USAGE = YES_ERROR;
				CLANG_WARN_DOCUMENTATION_COMMENTS = YES;
				CLANG_WARN_EMPTY_BODY = YES;
				CLANG_WARN_ENUM_CONVERSION = YES;
				CLANG_WARN_INFINITE_RECURSION = YES;
				CLANG_WARN_INT_CONVERSION = YES;
				CLANG_WARN_NON_LITERAL_NULL_CONVERSION = YES;
				CLANG_WARN_OBJC_IMPLICIT_RETAIN_SELF = YES;
				CLANG_WARN_OBJC_LITERAL_CONVERSION = YES;
				CLANG_WARN_OBJC_ROOT_CLASS = YES_ERROR;
				CLANG_WARN_RANGE_LOOP_ANALYSIS = YES;
				CLANG_WARN_STRICT_PROTOTYPES = YES;
				CLANG_WARN_SUSPICIOUS_MOVE = YES;
				CLANG_WARN_UNGUARDED_AVAILABILITY = YES_AGGRESSIVE;
				CLANG_WARN_UNREACHABLE_CODE = YES;
				CLANG_WARN__DUPLICATE_METHOD_MATCH = YES;
				CODE_SIGN_IDENTITY = "iPhone Developer";
				COPY_PHASE_STRIP = NO;
				DEBUG_INFORMATION_FORMAT = "dwarf-with-dsym";
				ENABLE_NS_ASSERTIONS = NO;
				ENABLE_STRICT_OBJC_MSGSEND = YES;
				GCC_C_LANGUAGE_STANDARD = gnu11;
				GCC_NO_COMMON_BLOCKS = YES;
				GCC_WARN_64_TO_32_BIT_CONVERSION = YES;
				GCC_WARN_ABOUT_RETURN_TYPE = YES_ERROR;
				GCC_WARN_UNDECLARED_SELECTOR = YES;
				GCC_WARN_UNINITIALIZED_AUTOS = YES_AGGRESSIVE;
				GCC_WARN_UNUSED_FUNCTION = YES;
				GCC_WARN_UNUSED_VARIABLE = YES;
				IPHONEOS_DEPLOYMENT_TARGET = 12.2;
				MTL_ENABLE_DEBUG_INFO = NO;
				MTL_FAST_MATH = YES;
				SDKROOT = iphoneos;
				SWIFT_COMPILATION_MODE = wholemodule;
				SWIFT_OPTIMIZATION_LEVEL = "-O";
				VALIDATE_PRODUCT = YES;
			};
			name = Release;
		};
		041C5869228C47780071F2B0 /* Debug */ = {
			isa = XCBuildConfiguration;
			baseConfigurationReference = 7955759E6C257275B47D061C /* Pods-Mazic!.debug.xcconfig */;
			buildSettings = {
				ASSETCATALOG_COMPILER_APPICON_NAME = AppIcon;
				CODE_SIGN_STYLE = Automatic;
				DEVELOPMENT_TEAM = 9NAU7R3577;
				INFOPLIST_FILE = "Mazic!/Info.plist";
				LD_RUNPATH_SEARCH_PATHS = (
					"$(inherited)",
					"@executable_path/Frameworks",
				);
				PRODUCT_BUNDLE_IDENTIFIER = "com.nandamochammad.Mazic-";
				PRODUCT_MODULE_NAME = Mazic;
				PRODUCT_NAME = "$(TARGET_NAME)";
				SWIFT_VERSION = 5.0;
				TARGETED_DEVICE_FAMILY = "1,2";
			};
			name = Debug;
		};
		041C586A228C47780071F2B0 /* Release */ = {
			isa = XCBuildConfiguration;
			baseConfigurationReference = DE00B983E29F0C5B3F0439B2 /* Pods-Mazic!.release.xcconfig */;
			buildSettings = {
				ASSETCATALOG_COMPILER_APPICON_NAME = AppIcon;
				CODE_SIGN_STYLE = Automatic;
				DEVELOPMENT_TEAM = 9NAU7R3577;
				INFOPLIST_FILE = "Mazic!/Info.plist";
				LD_RUNPATH_SEARCH_PATHS = (
					"$(inherited)",
					"@executable_path/Frameworks",
				);
				PRODUCT_BUNDLE_IDENTIFIER = "com.nandamochammad.Mazic-";
				PRODUCT_MODULE_NAME = Mazic;
				PRODUCT_NAME = "$(TARGET_NAME)";
				SWIFT_VERSION = 5.0;
				TARGETED_DEVICE_FAMILY = "1,2";
			};
			name = Release;
		};
		041C586C228C47780071F2B0 /* Debug */ = {
			isa = XCBuildConfiguration;
			baseConfigurationReference = AD85BA8E3B5AB3FF4D50A67F /* Pods-Mazic!Tests.debug.xcconfig */;
			buildSettings = {
				ALWAYS_EMBED_SWIFT_STANDARD_LIBRARIES = YES;
				BUNDLE_LOADER = "$(TEST_HOST)";
				CODE_SIGN_STYLE = Automatic;
				DEVELOPMENT_TEAM = 9NAU7R3577;
				INFOPLIST_FILE = "Mazic!Tests/Info.plist";
				LD_RUNPATH_SEARCH_PATHS = (
					"$(inherited)",
					"@executable_path/Frameworks",
					"@loader_path/Frameworks",
				);
				PRODUCT_BUNDLE_IDENTIFIER = "com.nandamochammad.Mazic-Tests";
				PRODUCT_NAME = "$(TARGET_NAME)";
				SWIFT_VERSION = 5.0;
				TARGETED_DEVICE_FAMILY = "1,2";
				TEST_HOST = "$(BUILT_PRODUCTS_DIR)/Mazic!.app/Mazic!";
			};
			name = Debug;
		};
		041C586D228C47780071F2B0 /* Release */ = {
			isa = XCBuildConfiguration;
			baseConfigurationReference = 19B477E723D6DA89DCAF822F /* Pods-Mazic!Tests.release.xcconfig */;
			buildSettings = {
				ALWAYS_EMBED_SWIFT_STANDARD_LIBRARIES = YES;
				BUNDLE_LOADER = "$(TEST_HOST)";
				CODE_SIGN_STYLE = Automatic;
				DEVELOPMENT_TEAM = 9NAU7R3577;
				INFOPLIST_FILE = "Mazic!Tests/Info.plist";
				LD_RUNPATH_SEARCH_PATHS = (
					"$(inherited)",
					"@executable_path/Frameworks",
					"@loader_path/Frameworks",
				);
				PRODUCT_BUNDLE_IDENTIFIER = "com.nandamochammad.Mazic-Tests";
				PRODUCT_NAME = "$(TARGET_NAME)";
				SWIFT_VERSION = 5.0;
				TARGETED_DEVICE_FAMILY = "1,2";
				TEST_HOST = "$(BUILT_PRODUCTS_DIR)/Mazic!.app/Mazic!";
			};
			name = Release;
		};
		041C586F228C47780071F2B0 /* Debug */ = {
			isa = XCBuildConfiguration;
			baseConfigurationReference = 1CD7A530BB03A289A5BCF6B8 /* Pods-Mazic!UITests.debug.xcconfig */;
			buildSettings = {
				ALWAYS_EMBED_SWIFT_STANDARD_LIBRARIES = YES;
				CODE_SIGN_STYLE = Automatic;
				DEVELOPMENT_TEAM = 9NAU7R3577;
				INFOPLIST_FILE = "Mazic!UITests/Info.plist";
				LD_RUNPATH_SEARCH_PATHS = (
					"$(inherited)",
					"@executable_path/Frameworks",
					"@loader_path/Frameworks",
				);
				PRODUCT_BUNDLE_IDENTIFIER = "com.nandamochammad.Mazic-UITests";
				PRODUCT_NAME = "$(TARGET_NAME)";
				SWIFT_VERSION = 5.0;
				TARGETED_DEVICE_FAMILY = "1,2";
				TEST_TARGET_NAME = "Mazic!";
			};
			name = Debug;
		};
		041C5870228C47780071F2B0 /* Release */ = {
			isa = XCBuildConfiguration;
			baseConfigurationReference = 00A8322238CE6854C1A0FB73 /* Pods-Mazic!UITests.release.xcconfig */;
			buildSettings = {
				ALWAYS_EMBED_SWIFT_STANDARD_LIBRARIES = YES;
				CODE_SIGN_STYLE = Automatic;
				DEVELOPMENT_TEAM = 9NAU7R3577;
				INFOPLIST_FILE = "Mazic!UITests/Info.plist";
				LD_RUNPATH_SEARCH_PATHS = (
					"$(inherited)",
					"@executable_path/Frameworks",
					"@loader_path/Frameworks",
				);
				PRODUCT_BUNDLE_IDENTIFIER = "com.nandamochammad.Mazic-UITests";
				PRODUCT_NAME = "$(TARGET_NAME)";
				SWIFT_VERSION = 5.0;
				TARGETED_DEVICE_FAMILY = "1,2";
				TEST_TARGET_NAME = "Mazic!";
			};
			name = Release;
		};
/* End XCBuildConfiguration section */

/* Begin XCConfigurationList section */
		041C5835228C47770071F2B0 /* Build configuration list for PBXProject "Mazic!" */ = {
			isa = XCConfigurationList;
			buildConfigurations = (
				041C5866228C47780071F2B0 /* Debug */,
				041C5867228C47780071F2B0 /* Release */,
			);
			defaultConfigurationIsVisible = 0;
			defaultConfigurationName = Release;
		};
		041C5868228C47780071F2B0 /* Build configuration list for PBXNativeTarget "Mazic!" */ = {
			isa = XCConfigurationList;
			buildConfigurations = (
				041C5869228C47780071F2B0 /* Debug */,
				041C586A228C47780071F2B0 /* Release */,
			);
			defaultConfigurationIsVisible = 0;
			defaultConfigurationName = Release;
		};
		041C586B228C47780071F2B0 /* Build configuration list for PBXNativeTarget "Mazic!Tests" */ = {
			isa = XCConfigurationList;
			buildConfigurations = (
				041C586C228C47780071F2B0 /* Debug */,
				041C586D228C47780071F2B0 /* Release */,
			);
			defaultConfigurationIsVisible = 0;
			defaultConfigurationName = Release;
		};
		041C586E228C47780071F2B0 /* Build configuration list for PBXNativeTarget "Mazic!UITests" */ = {
			isa = XCConfigurationList;
			buildConfigurations = (
				041C586F228C47780071F2B0 /* Debug */,
				041C5870228C47780071F2B0 /* Release */,
			);
			defaultConfigurationIsVisible = 0;
			defaultConfigurationName = Release;
		};
/* End XCConfigurationList section */
	};
	rootObject = 041C5832228C47770071F2B0 /* Project object */;
}
